// !$*UTF8*$!
{
	archiveVersion = 1;
	classes = {
	};
	objectVersion = 56;
	objects = {

/* Begin PBXBuildFile section */
		351DFCA82ACFF5EE0093E2DE /* WorkoutSettingsSection.swift in Sources */ = {isa = PBXBuildFile; fileRef = 351DFCA72ACFF5ED0093E2DE /* WorkoutSettingsSection.swift */; };
		352A62D82ACDC85000CAC187 /* WorkoutAppApp.swift in Sources */ = {isa = PBXBuildFile; fileRef = 352A62D72ACDC85000CAC187 /* WorkoutAppApp.swift */; };
		352A62DC2ACDC85200CAC187 /* Assets.xcassets in Resources */ = {isa = PBXBuildFile; fileRef = 352A62DB2ACDC85200CAC187 /* Assets.xcassets */; };
		352A62E02ACDC85200CAC187 /* Preview Assets.xcassets in Resources */ = {isa = PBXBuildFile; fileRef = 352A62DF2ACDC85200CAC187 /* Preview Assets.xcassets */; };
		352A62ED2ACDD47300CAC187 /* Double.swift in Sources */ = {isa = PBXBuildFile; fileRef = 352A62EC2ACDD47300CAC187 /* Double.swift */; };
		352A62F42ACDD91900CAC187 /* WorkoutCardView.swift in Sources */ = {isa = PBXBuildFile; fileRef = 352A62F32ACDD91900CAC187 /* WorkoutCardView.swift */; };
		353C1DC12C70F95700DB6458 /* Achievement.swift in Sources */ = {isa = PBXBuildFile; fileRef = 353C1DC02C70F95700DB6458 /* Achievement.swift */; };
		353C1DC52C72ACF700DB6458 /* AchievementsService.swift in Sources */ = {isa = PBXBuildFile; fileRef = 353C1DC42C72ACF700DB6458 /* AchievementsService.swift */; };
		353C1DC72C735E7A00DB6458 /* Color.swift in Sources */ = {isa = PBXBuildFile; fileRef = 353C1DC62C735E7A00DB6458 /* Color.swift */; };
		353C1DCA2C73E3E700DB6458 /* completedWorkoutsData.swift in Sources */ = {isa = PBXBuildFile; fileRef = 353C1DC92C73E3E700DB6458 /* completedWorkoutsData.swift */; };
		35484E3C2C6A12D9004B2E7B /* Launch Screen.storyboard in Resources */ = {isa = PBXBuildFile; fileRef = 35484E3B2C6A12D9004B2E7B /* Launch Screen.storyboard */; };
		354EE6292C5C274800C97F99 /* Exercise.swift in Sources */ = {isa = PBXBuildFile; fileRef = 354EE6282C5C274800C97F99 /* Exercise.swift */; };
		354EE62B2C5C27C200C97F99 /* Activity.swift in Sources */ = {isa = PBXBuildFile; fileRef = 354EE62A2C5C27C200C97F99 /* Activity.swift */; };
		354EE62D2C5C281300C97F99 /* CompletedWorkout.swift in Sources */ = {isa = PBXBuildFile; fileRef = 354EE62C2C5C281300C97F99 /* CompletedWorkout.swift */; };
		354EE62F2C5C283400C97F99 /* Cycle.swift in Sources */ = {isa = PBXBuildFile; fileRef = 354EE62E2C5C283400C97F99 /* Cycle.swift */; };
		354EE6312C5C285100C97F99 /* Workout.swift in Sources */ = {isa = PBXBuildFile; fileRef = 354EE6302C5C285100C97F99 /* Workout.swift */; };
		354EE6352C5C416900C97F99 /* AppState.swift in Sources */ = {isa = PBXBuildFile; fileRef = 354EE6342C5C416900C97F99 /* AppState.swift */; };
		354EE6372C5C430000C97F99 /* DataManager.swift in Sources */ = {isa = PBXBuildFile; fileRef = 354EE6362C5C430000C97F99 /* DataManager.swift */; };
		354EE6392C5C477600C97F99 /* WorkoutListViewModel.swift in Sources */ = {isa = PBXBuildFile; fileRef = 354EE6382C5C477600C97F99 /* WorkoutListViewModel.swift */; };
		354EE63B2C5D938500C97F99 /* WorkoutDataService.swift in Sources */ = {isa = PBXBuildFile; fileRef = 354EE63A2C5D938500C97F99 /* WorkoutDataService.swift */; };
		354EE63D2C5D93AD00C97F99 /* HistoryDataService.swift in Sources */ = {isa = PBXBuildFile; fileRef = 354EE63C2C5D93AD00C97F99 /* HistoryDataService.swift */; };
		354EE63F2C5D94EF00C97F99 /* WorkoutTimelineService.swift in Sources */ = {isa = PBXBuildFile; fileRef = 354EE63E2C5D94EF00C97F99 /* WorkoutTimelineService.swift */; };
		354EE6412C5DA28F00C97F99 /* FileManager.swift in Sources */ = {isa = PBXBuildFile; fileRef = 354EE6402C5DA28F00C97F99 /* FileManager.swift */; };
		354EE6432C5DA34800C97F99 /* WorkoutListView.swift in Sources */ = {isa = PBXBuildFile; fileRef = 354EE6422C5DA34800C97F99 /* WorkoutListView.swift */; };
		354EE6452C5DA91000C97F99 /* WorkoutDetailView.swift in Sources */ = {isa = PBXBuildFile; fileRef = 354EE6442C5DA91000C97F99 /* WorkoutDetailView.swift */; };
		354EE6472C5DA96000C97F99 /* WorkoutDetailViewModel.swift in Sources */ = {isa = PBXBuildFile; fileRef = 354EE6462C5DA96000C97F99 /* WorkoutDetailViewModel.swift */; };
		3571C0CF2C61736600BA0BB6 /* WorkoutActiveViewModel.swift in Sources */ = {isa = PBXBuildFile; fileRef = 3571C0CE2C61736600BA0BB6 /* WorkoutActiveViewModel.swift */; };
		3571C0D12C61739100BA0BB6 /* ActivityDisplayView.swift in Sources */ = {isa = PBXBuildFile; fileRef = 3571C0D02C61739000BA0BB6 /* ActivityDisplayView.swift */; };
		3571C0D32C6173AC00BA0BB6 /* ProgressCircleView.swift in Sources */ = {isa = PBXBuildFile; fileRef = 3571C0D22C6173AC00BA0BB6 /* ProgressCircleView.swift */; };
		3571C0D52C6173C200BA0BB6 /* ProgressBarView.swift in Sources */ = {isa = PBXBuildFile; fileRef = 3571C0D42C6173C200BA0BB6 /* ProgressBarView.swift */; };
		3571C0D72C6173D400BA0BB6 /* ControlButtonsView.swift in Sources */ = {isa = PBXBuildFile; fileRef = 3571C0D62C6173D400BA0BB6 /* ControlButtonsView.swift */; };
		3571C0D92C6173E800BA0BB6 /* TimeFormatting.swift in Sources */ = {isa = PBXBuildFile; fileRef = 3571C0D82C6173E800BA0BB6 /* TimeFormatting.swift */; };
		3571C0DB2C61835500BA0BB6 /* ConfettiSwiftUI in Frameworks */ = {isa = PBXBuildFile; productRef = 3571C0DA2C61835500BA0BB6 /* ConfettiSwiftUI */; };
		3571C0DD2C641FCF00BA0BB6 /* WorkoutExercisesEditView.swift in Sources */ = {isa = PBXBuildFile; fileRef = 3571C0DC2C641FCF00BA0BB6 /* WorkoutExercisesEditView.swift */; };
		358113B42B323012003325C0 /* Screen.swift in Sources */ = {isa = PBXBuildFile; fileRef = 358113B32B323012003325C0 /* Screen.swift */; };
		358113C42B32512C003325C0 /* SoundManager.swift in Sources */ = {isa = PBXBuildFile; fileRef = 358113C32B32512C003325C0 /* SoundManager.swift */; };
		358113C82B325192003325C0 /* jubilant.mp3 in Resources */ = {isa = PBXBuildFile; fileRef = 358113C52B325192003325C0 /* jubilant.mp3 */; };
		358113C92B325192003325C0 /* countdown.mp3 in Resources */ = {isa = PBXBuildFile; fileRef = 358113C62B325192003325C0 /* countdown.mp3 */; };
		358113CA2B325192003325C0 /* dadam.mp3 in Resources */ = {isa = PBXBuildFile; fileRef = 358113C72B325192003325C0 /* dadam.mp3 */; };
		358113CC2B331D00003325C0 /* WorkoutHistoryView.swift in Sources */ = {isa = PBXBuildFile; fileRef = 358113CB2B331D00003325C0 /* WorkoutHistoryView.swift */; };
		358113CE2B33448D003325C0 /* WorkoutPreviewView.swift in Sources */ = {isa = PBXBuildFile; fileRef = 358113CD2B33448D003325C0 /* WorkoutPreviewView.swift */; };
		3582F8392B31F8A000AC6C53 /* WorkoutCompletedView.swift in Sources */ = {isa = PBXBuildFile; fileRef = 3582F8382B31F8A000AC6C53 /* WorkoutCompletedView.swift */; };
		3586C39C2C69360C000C18AC /* SettingsView.swift in Sources */ = {isa = PBXBuildFile; fileRef = 3586C39B2C69360C000C18AC /* SettingsView.swift */; };
		359DD4062C83DEA300FAEFA9 /* UserDefaults.swift in Sources */ = {isa = PBXBuildFile; fileRef = 359DD4052C83DEA300FAEFA9 /* UserDefaults.swift */; };
		35A838A12C8134A900D4A426 /* Language.swift in Sources */ = {isa = PBXBuildFile; fileRef = 35A838A02C8134A900D4A426 /* Language.swift */; };
		35CA54262C6EA20B0032A68F /* EditWorkoutsView.swift in Sources */ = {isa = PBXBuildFile; fileRef = 35CA54252C6EA20B0032A68F /* EditWorkoutsView.swift */; };
		35CE057B2C5E94DB006188AB /* WorkoutSettings.swift in Sources */ = {isa = PBXBuildFile; fileRef = 35CE057A2C5E94DB006188AB /* WorkoutSettings.swift */; };
		35CE057F2C5E957D006188AB /* WorkoutSettingsSectionCard.swift in Sources */ = {isa = PBXBuildFile; fileRef = 35CE057E2C5E957D006188AB /* WorkoutSettingsSectionCard.swift */; };
		35CE05812C5E95D3006188AB /* WorkoutSettingsSectionValueSheet.swift in Sources */ = {isa = PBXBuildFile; fileRef = 35CE05802C5E95D3006188AB /* WorkoutSettingsSectionValueSheet.swift */; };
		35CE05872C5EB5AC006188AB /* ExerciseSettings.swift in Sources */ = {isa = PBXBuildFile; fileRef = 35CE05862C5EB5AC006188AB /* ExerciseSettings.swift */; };
		35DBCC072C80670800194A6C /* Localizable.xcstrings in Resources */ = {isa = PBXBuildFile; fileRef = 35DBCC062C80670800194A6C /* Localizable.xcstrings */; };
		35DBCC092C8070D600194A6C /* LocalizedStringResource.swift in Sources */ = {isa = PBXBuildFile; fileRef = 35DBCC082C8070D600194A6C /* LocalizedStringResource.swift */; };
		35DE36F62C66379800482050 /* Date.swift in Sources */ = {isa = PBXBuildFile; fileRef = 35DE36F52C66379800482050 /* Date.swift */; };
		35DE36FA2C66381C00482050 /* EmptyWorkoutHistoryView.swift in Sources */ = {isa = PBXBuildFile; fileRef = 35DE36F92C66381C00482050 /* EmptyWorkoutHistoryView.swift */; };
		35DE36FC2C66384300482050 /* MultiSelectFilterView.swift in Sources */ = {isa = PBXBuildFile; fileRef = 35DE36FB2C66384300482050 /* MultiSelectFilterView.swift */; };
		35E3FA412AD691140039A0E6 /* WorkoutDetailViewButtonSection.swift in Sources */ = {isa = PBXBuildFile; fileRef = 35E3FA402AD691140039A0E6 /* WorkoutDetailViewButtonSection.swift */; };
		35E3FA432AD691440039A0E6 /* WorkoutDetailViewExercisesSection.swift in Sources */ = {isa = PBXBuildFile; fileRef = 35E3FA422AD691440039A0E6 /* WorkoutDetailViewExercisesSection.swift */; };
		35E3FA462AD692190039A0E6 /* ExerciseDetailView.swift in Sources */ = {isa = PBXBuildFile; fileRef = 35E3FA452AD692190039A0E6 /* ExerciseDetailView.swift */; };
		35E3FA4A2AD71BDC0039A0E6 /* WorkoutActiveView.swift in Sources */ = {isa = PBXBuildFile; fileRef = 35E3FA492AD71BDC0039A0E6 /* WorkoutActiveView.swift */; };
		35E4D4132C601FB5001B00B1 /* ExerciseDetailViewModel.swift in Sources */ = {isa = PBXBuildFile; fileRef = 35E4D4122C601FB5001B00B1 /* ExerciseDetailViewModel.swift */; };
		35F164DF2C6AC44800D81865 /* StreaksView.swift in Sources */ = {isa = PBXBuildFile; fileRef = 35F164DE2C6AC44800D81865 /* StreaksView.swift */; };
/* End PBXBuildFile section */

/* Begin PBXCopyFilesBuildPhase section */
		353007962C83C61B00B13AAE /* Embed Foundation Extensions */ = {
			isa = PBXCopyFilesBuildPhase;
			buildActionMask = 2147483647;
			dstPath = "";
			dstSubfolderSpec = 13;
			files = (
			);
			name = "Embed Foundation Extensions";
			runOnlyForDeploymentPostprocessing = 0;
		};
/* End PBXCopyFilesBuildPhase section */

/* Begin PBXFileReference section */
		351DFCA72ACFF5ED0093E2DE /* WorkoutSettingsSection.swift */ = {isa = PBXFileReference; lastKnownFileType = sourcecode.swift; path = WorkoutSettingsSection.swift; sourceTree = "<group>"; };
		352A62D42ACDC85000CAC187 /* WorkoutPulse.app */ = {isa = PBXFileReference; explicitFileType = wrapper.application; includeInIndex = 0; path = WorkoutPulse.app; sourceTree = BUILT_PRODUCTS_DIR; };
		352A62D72ACDC85000CAC187 /* WorkoutAppApp.swift */ = {isa = PBXFileReference; lastKnownFileType = sourcecode.swift; path = WorkoutAppApp.swift; sourceTree = "<group>"; };
		352A62DB2ACDC85200CAC187 /* Assets.xcassets */ = {isa = PBXFileReference; lastKnownFileType = folder.assetcatalog; path = Assets.xcassets; sourceTree = "<group>"; };
		352A62DD2ACDC85200CAC187 /* WorkoutApp.entitlements */ = {isa = PBXFileReference; lastKnownFileType = text.plist.entitlements; path = WorkoutApp.entitlements; sourceTree = "<group>"; };
		352A62DF2ACDC85200CAC187 /* Preview Assets.xcassets */ = {isa = PBXFileReference; lastKnownFileType = folder.assetcatalog; path = "Preview Assets.xcassets"; sourceTree = "<group>"; };
		352A62EC2ACDD47300CAC187 /* Double.swift */ = {isa = PBXFileReference; lastKnownFileType = sourcecode.swift; path = Double.swift; sourceTree = "<group>"; };
		352A62F32ACDD91900CAC187 /* WorkoutCardView.swift */ = {isa = PBXFileReference; lastKnownFileType = sourcecode.swift; path = WorkoutCardView.swift; sourceTree = "<group>"; };
		353007892C83C61900B13AAE /* SwiftUI.framework */ = {isa = PBXFileReference; lastKnownFileType = wrapper.framework; name = SwiftUI.framework; path = System/Library/Frameworks/SwiftUI.framework; sourceTree = SDKROOT; };
		3530079C2C83C7C400B13AAE /* WorkoutPulse-Info.plist */ = {isa = PBXFileReference; lastKnownFileType = text.plist; path = "WorkoutPulse-Info.plist"; sourceTree = "<group>"; };
		353C1DC02C70F95700DB6458 /* Achievement.swift */ = {isa = PBXFileReference; lastKnownFileType = sourcecode.swift; path = Achievement.swift; sourceTree = "<group>"; };
		353C1DC42C72ACF700DB6458 /* AchievementsService.swift */ = {isa = PBXFileReference; lastKnownFileType = sourcecode.swift; path = AchievementsService.swift; sourceTree = "<group>"; };
		353C1DC62C735E7A00DB6458 /* Color.swift */ = {isa = PBXFileReference; lastKnownFileType = sourcecode.swift; path = Color.swift; sourceTree = "<group>"; };
		353C1DC92C73E3E700DB6458 /* completedWorkoutsData.swift */ = {isa = PBXFileReference; lastKnownFileType = sourcecode.swift; path = completedWorkoutsData.swift; sourceTree = "<group>"; };
		35484E3B2C6A12D9004B2E7B /* Launch Screen.storyboard */ = {isa = PBXFileReference; lastKnownFileType = file.storyboard; path = "Launch Screen.storyboard"; sourceTree = "<group>"; };
		354EE6282C5C274800C97F99 /* Exercise.swift */ = {isa = PBXFileReference; lastKnownFileType = sourcecode.swift; path = Exercise.swift; sourceTree = "<group>"; };
		354EE62A2C5C27C200C97F99 /* Activity.swift */ = {isa = PBXFileReference; lastKnownFileType = sourcecode.swift; path = Activity.swift; sourceTree = "<group>"; };
		354EE62C2C5C281300C97F99 /* CompletedWorkout.swift */ = {isa = PBXFileReference; lastKnownFileType = sourcecode.swift; path = CompletedWorkout.swift; sourceTree = "<group>"; };
		354EE62E2C5C283400C97F99 /* Cycle.swift */ = {isa = PBXFileReference; lastKnownFileType = sourcecode.swift; path = Cycle.swift; sourceTree = "<group>"; };
		354EE6302C5C285100C97F99 /* Workout.swift */ = {isa = PBXFileReference; lastKnownFileType = sourcecode.swift; path = Workout.swift; sourceTree = "<group>"; };
		354EE6342C5C416900C97F99 /* AppState.swift */ = {isa = PBXFileReference; lastKnownFileType = sourcecode.swift; path = AppState.swift; sourceTree = "<group>"; };
		354EE6362C5C430000C97F99 /* DataManager.swift */ = {isa = PBXFileReference; lastKnownFileType = sourcecode.swift; path = DataManager.swift; sourceTree = "<group>"; };
		354EE6382C5C477600C97F99 /* WorkoutListViewModel.swift */ = {isa = PBXFileReference; lastKnownFileType = sourcecode.swift; path = WorkoutListViewModel.swift; sourceTree = "<group>"; };
		354EE63A2C5D938500C97F99 /* WorkoutDataService.swift */ = {isa = PBXFileReference; lastKnownFileType = sourcecode.swift; path = WorkoutDataService.swift; sourceTree = "<group>"; };
		354EE63C2C5D93AD00C97F99 /* HistoryDataService.swift */ = {isa = PBXFileReference; lastKnownFileType = sourcecode.swift; path = HistoryDataService.swift; sourceTree = "<group>"; };
		354EE63E2C5D94EF00C97F99 /* WorkoutTimelineService.swift */ = {isa = PBXFileReference; lastKnownFileType = sourcecode.swift; path = WorkoutTimelineService.swift; sourceTree = "<group>"; };
		354EE6402C5DA28F00C97F99 /* FileManager.swift */ = {isa = PBXFileReference; lastKnownFileType = sourcecode.swift; path = FileManager.swift; sourceTree = "<group>"; };
		354EE6422C5DA34800C97F99 /* WorkoutListView.swift */ = {isa = PBXFileReference; lastKnownFileType = sourcecode.swift; path = WorkoutListView.swift; sourceTree = "<group>"; };
		354EE6442C5DA91000C97F99 /* WorkoutDetailView.swift */ = {isa = PBXFileReference; lastKnownFileType = sourcecode.swift; path = WorkoutDetailView.swift; sourceTree = "<group>"; };
		354EE6462C5DA96000C97F99 /* WorkoutDetailViewModel.swift */ = {isa = PBXFileReference; lastKnownFileType = sourcecode.swift; path = WorkoutDetailViewModel.swift; sourceTree = "<group>"; };
		3571C0CE2C61736600BA0BB6 /* WorkoutActiveViewModel.swift */ = {isa = PBXFileReference; lastKnownFileType = sourcecode.swift; path = WorkoutActiveViewModel.swift; sourceTree = "<group>"; };
		3571C0D02C61739000BA0BB6 /* ActivityDisplayView.swift */ = {isa = PBXFileReference; lastKnownFileType = sourcecode.swift; path = ActivityDisplayView.swift; sourceTree = "<group>"; };
		3571C0D22C6173AC00BA0BB6 /* ProgressCircleView.swift */ = {isa = PBXFileReference; lastKnownFileType = sourcecode.swift; path = ProgressCircleView.swift; sourceTree = "<group>"; };
		3571C0D42C6173C200BA0BB6 /* ProgressBarView.swift */ = {isa = PBXFileReference; lastKnownFileType = sourcecode.swift; path = ProgressBarView.swift; sourceTree = "<group>"; };
		3571C0D62C6173D400BA0BB6 /* ControlButtonsView.swift */ = {isa = PBXFileReference; lastKnownFileType = sourcecode.swift; path = ControlButtonsView.swift; sourceTree = "<group>"; };
		3571C0D82C6173E800BA0BB6 /* TimeFormatting.swift */ = {isa = PBXFileReference; lastKnownFileType = sourcecode.swift; path = TimeFormatting.swift; sourceTree = "<group>"; };
		3571C0DC2C641FCF00BA0BB6 /* WorkoutExercisesEditView.swift */ = {isa = PBXFileReference; lastKnownFileType = sourcecode.swift; path = WorkoutExercisesEditView.swift; sourceTree = "<group>"; };
		358113B32B323012003325C0 /* Screen.swift */ = {isa = PBXFileReference; lastKnownFileType = sourcecode.swift; path = Screen.swift; sourceTree = "<group>"; };
		358113C32B32512C003325C0 /* SoundManager.swift */ = {isa = PBXFileReference; lastKnownFileType = sourcecode.swift; path = SoundManager.swift; sourceTree = "<group>"; };
		358113C52B325192003325C0 /* jubilant.mp3 */ = {isa = PBXFileReference; lastKnownFileType = audio.mp3; path = jubilant.mp3; sourceTree = "<group>"; };
		358113C62B325192003325C0 /* countdown.mp3 */ = {isa = PBXFileReference; lastKnownFileType = audio.mp3; path = countdown.mp3; sourceTree = "<group>"; };
		358113C72B325192003325C0 /* dadam.mp3 */ = {isa = PBXFileReference; lastKnownFileType = audio.mp3; path = dadam.mp3; sourceTree = "<group>"; };
		358113CB2B331D00003325C0 /* WorkoutHistoryView.swift */ = {isa = PBXFileReference; lastKnownFileType = sourcecode.swift; path = WorkoutHistoryView.swift; sourceTree = "<group>"; };
		358113CD2B33448D003325C0 /* WorkoutPreviewView.swift */ = {isa = PBXFileReference; lastKnownFileType = sourcecode.swift; path = WorkoutPreviewView.swift; sourceTree = "<group>"; };
		3582F8382B31F8A000AC6C53 /* WorkoutCompletedView.swift */ = {isa = PBXFileReference; lastKnownFileType = sourcecode.swift; path = WorkoutCompletedView.swift; sourceTree = "<group>"; };
		3586C39B2C69360C000C18AC /* SettingsView.swift */ = {isa = PBXFileReference; lastKnownFileType = sourcecode.swift; path = SettingsView.swift; sourceTree = "<group>"; };
		359DD4052C83DEA300FAEFA9 /* UserDefaults.swift */ = {isa = PBXFileReference; lastKnownFileType = sourcecode.swift; path = UserDefaults.swift; sourceTree = "<group>"; };
		35A838A02C8134A900D4A426 /* Language.swift */ = {isa = PBXFileReference; lastKnownFileType = sourcecode.swift; path = Language.swift; sourceTree = "<group>"; };
		35CA54252C6EA20B0032A68F /* EditWorkoutsView.swift */ = {isa = PBXFileReference; lastKnownFileType = sourcecode.swift; path = EditWorkoutsView.swift; sourceTree = "<group>"; };
		35CE057A2C5E94DB006188AB /* WorkoutSettings.swift */ = {isa = PBXFileReference; lastKnownFileType = sourcecode.swift; path = WorkoutSettings.swift; sourceTree = "<group>"; };
		35CE057E2C5E957D006188AB /* WorkoutSettingsSectionCard.swift */ = {isa = PBXFileReference; lastKnownFileType = sourcecode.swift; path = WorkoutSettingsSectionCard.swift; sourceTree = "<group>"; };
		35CE05802C5E95D3006188AB /* WorkoutSettingsSectionValueSheet.swift */ = {isa = PBXFileReference; lastKnownFileType = sourcecode.swift; path = WorkoutSettingsSectionValueSheet.swift; sourceTree = "<group>"; };
		35CE05862C5EB5AC006188AB /* ExerciseSettings.swift */ = {isa = PBXFileReference; lastKnownFileType = sourcecode.swift; path = ExerciseSettings.swift; sourceTree = "<group>"; };
		35DBCC062C80670800194A6C /* Localizable.xcstrings */ = {isa = PBXFileReference; lastKnownFileType = text.json.xcstrings; path = Localizable.xcstrings; sourceTree = "<group>"; };
		35DBCC082C8070D600194A6C /* LocalizedStringResource.swift */ = {isa = PBXFileReference; lastKnownFileType = sourcecode.swift; path = LocalizedStringResource.swift; sourceTree = "<group>"; };
		35DE36F52C66379800482050 /* Date.swift */ = {isa = PBXFileReference; lastKnownFileType = sourcecode.swift; path = Date.swift; sourceTree = "<group>"; };
		35DE36F92C66381C00482050 /* EmptyWorkoutHistoryView.swift */ = {isa = PBXFileReference; lastKnownFileType = sourcecode.swift; path = EmptyWorkoutHistoryView.swift; sourceTree = "<group>"; };
		35DE36FB2C66384300482050 /* MultiSelectFilterView.swift */ = {isa = PBXFileReference; lastKnownFileType = sourcecode.swift; path = MultiSelectFilterView.swift; sourceTree = "<group>"; };
		35E3FA402AD691140039A0E6 /* WorkoutDetailViewButtonSection.swift */ = {isa = PBXFileReference; lastKnownFileType = sourcecode.swift; path = WorkoutDetailViewButtonSection.swift; sourceTree = "<group>"; };
		35E3FA422AD691440039A0E6 /* WorkoutDetailViewExercisesSection.swift */ = {isa = PBXFileReference; lastKnownFileType = sourcecode.swift; path = WorkoutDetailViewExercisesSection.swift; sourceTree = "<group>"; };
		35E3FA452AD692190039A0E6 /* ExerciseDetailView.swift */ = {isa = PBXFileReference; lastKnownFileType = sourcecode.swift; path = ExerciseDetailView.swift; sourceTree = "<group>"; };
		35E3FA492AD71BDC0039A0E6 /* WorkoutActiveView.swift */ = {isa = PBXFileReference; lastKnownFileType = sourcecode.swift; path = WorkoutActiveView.swift; sourceTree = "<group>"; };
		35E4D4122C601FB5001B00B1 /* ExerciseDetailViewModel.swift */ = {isa = PBXFileReference; lastKnownFileType = sourcecode.swift; path = ExerciseDetailViewModel.swift; sourceTree = "<group>"; };
		35F164DE2C6AC44800D81865 /* StreaksView.swift */ = {isa = PBXFileReference; lastKnownFileType = sourcecode.swift; path = StreaksView.swift; sourceTree = "<group>"; };
/* End PBXFileReference section */

/* Begin PBXFrameworksBuildPhase section */
		352A62D12ACDC85000CAC187 /* Frameworks */ = {
			isa = PBXFrameworksBuildPhase;
			buildActionMask = 2147483647;
			files = (
				3571C0DB2C61835500BA0BB6 /* ConfettiSwiftUI in Frameworks */,
			);
			runOnlyForDeploymentPostprocessing = 0;
		};
/* End PBXFrameworksBuildPhase section */

/* Begin PBXGroup section */
		352A62CB2ACDC85000CAC187 = {
			isa = PBXGroup;
			children = (
				3530079C2C83C7C400B13AAE /* WorkoutPulse-Info.plist */,
				35484E3B2C6A12D9004B2E7B /* Launch Screen.storyboard */,
				352A62D72ACDC85000CAC187 /* WorkoutAppApp.swift */,
				354EE6212C5C240500C97F99 /* WorkoutApp */,
				353007862C83C61900B13AAE /* Frameworks */,
				352A62D52ACDC85000CAC187 /* Products */,
			);
			sourceTree = "<group>";
		};
		352A62D52ACDC85000CAC187 /* Products */ = {
			isa = PBXGroup;
			children = (
				352A62D42ACDC85000CAC187 /* WorkoutPulse.app */,
			);
			name = Products;
			sourceTree = "<group>";
		};
		352A62DE2ACDC85200CAC187 /* Preview Content */ = {
			isa = PBXGroup;
			children = (
				352A62DF2ACDC85200CAC187 /* Preview Assets.xcassets */,
			);
			path = "Preview Content";
			sourceTree = "<group>";
		};
		352A62EE2ACDD8AE00CAC187 /* Extensions */ = {
			isa = PBXGroup;
			children = (
				352A62EC2ACDD47300CAC187 /* Double.swift */,
				358113B32B323012003325C0 /* Screen.swift */,
				354EE6402C5DA28F00C97F99 /* FileManager.swift */,
				3571C0D82C6173E800BA0BB6 /* TimeFormatting.swift */,
				35DE36F52C66379800482050 /* Date.swift */,
				353C1DC62C735E7A00DB6458 /* Color.swift */,
				35DBCC082C8070D600194A6C /* LocalizedStringResource.swift */,
				359DD4052C83DEA300FAEFA9 /* UserDefaults.swift */,
			);
			path = Extensions;
			sourceTree = "<group>";
		};
		353007862C83C61900B13AAE /* Frameworks */ = {
			isa = PBXGroup;
			children = (
				353007892C83C61900B13AAE /* SwiftUI.framework */,
			);
			name = Frameworks;
			sourceTree = "<group>";
		};
		353C1DC82C73E3CE00DB6458 /* Test */ = {
			isa = PBXGroup;
			children = (
				353C1DC92C73E3E700DB6458 /* completedWorkoutsData.swift */,
			);
			path = Test;
			sourceTree = "<group>";
		};
		354EE6212C5C240500C97F99 /* WorkoutApp */ = {
			isa = PBXGroup;
			children = (
				35DBCC052C8066E700194A6C /* Resources */,
				353C1DC82C73E3CE00DB6458 /* Test */,
				354EE6222C5C24AC00C97F99 /* Models */,
				354EE6262C5C24ED00C97F99 /* Utilities */,
				354EE6252C5C24E400C97F99 /* Services */,
				354EE6242C5C24D000C97F99 /* Views */,
				354EE6232C5C24C200C97F99 /* ViewModels */,
				352A62DD2ACDC85200CAC187 /* WorkoutApp.entitlements */,
				352A62DB2ACDC85200CAC187 /* Assets.xcassets */,
				352A62DE2ACDC85200CAC187 /* Preview Content */,
			);
			path = WorkoutApp;
			sourceTree = "<group>";
		};
		354EE6222C5C24AC00C97F99 /* Models */ = {
			isa = PBXGroup;
			children = (
				354EE6302C5C285100C97F99 /* Workout.swift */,
				354EE6282C5C274800C97F99 /* Exercise.swift */,
				354EE62A2C5C27C200C97F99 /* Activity.swift */,
				354EE62C2C5C281300C97F99 /* CompletedWorkout.swift */,
				354EE62E2C5C283400C97F99 /* Cycle.swift */,
				353C1DC02C70F95700DB6458 /* Achievement.swift */,
			);
			path = Models;
			sourceTree = "<group>";
		};
		354EE6232C5C24C200C97F99 /* ViewModels */ = {
			isa = PBXGroup;
			children = (
				354EE6342C5C416900C97F99 /* AppState.swift */,
				354EE6382C5C477600C97F99 /* WorkoutListViewModel.swift */,
				354EE6462C5DA96000C97F99 /* WorkoutDetailViewModel.swift */,
				35E4D4122C601FB5001B00B1 /* ExerciseDetailViewModel.swift */,
				3571C0CE2C61736600BA0BB6 /* WorkoutActiveViewModel.swift */,
			);
			path = ViewModels;
			sourceTree = "<group>";
		};
		354EE6242C5C24D000C97F99 /* Views */ = {
			isa = PBXGroup;
			children = (
				354EE6492C5DAC9500C97F99 /* WorkoutListView */,
				35DE36F72C6637DA00482050 /* WorkoutHistoryView */,
				35E3FA442AD691E30039A0E6 /* ExerciseDetailView */,
				354EE6482C5DAC8000C97F99 /* WorkoutDetailView */,
				3571C0CC2C6172ED00BA0BB6 /* WorkoutActiveView */,
				3586C39B2C69360C000C18AC /* SettingsView.swift */,
				358113CD2B33448D003325C0 /* WorkoutPreviewView.swift */,
				35F164DE2C6AC44800D81865 /* StreaksView.swift */,
			);
			path = Views;
			sourceTree = "<group>";
		};
		354EE6252C5C24E400C97F99 /* Services */ = {
			isa = PBXGroup;
			children = (
				358113C22B325118003325C0 /* SoundManager */,
				354EE6362C5C430000C97F99 /* DataManager.swift */,
				354EE63A2C5D938500C97F99 /* WorkoutDataService.swift */,
				354EE63C2C5D93AD00C97F99 /* HistoryDataService.swift */,
				354EE63E2C5D94EF00C97F99 /* WorkoutTimelineService.swift */,
				353C1DC42C72ACF700DB6458 /* AchievementsService.swift */,
			);
			path = Services;
			sourceTree = "<group>";
		};
		354EE6262C5C24ED00C97F99 /* Utilities */ = {
			isa = PBXGroup;
			children = (
				35CE05792C5E94B2006188AB /* Enums */,
				352A62EE2ACDD8AE00CAC187 /* Extensions */,
			);
			path = Utilities;
			sourceTree = "<group>";
		};
		354EE6482C5DAC8000C97F99 /* WorkoutDetailView */ = {
			isa = PBXGroup;
			children = (
				354EE6442C5DA91000C97F99 /* WorkoutDetailView.swift */,
				35E3FA3F2AD690C20039A0E6 /* Components */,
			);
			path = WorkoutDetailView;
			sourceTree = "<group>";
		};
		354EE6492C5DAC9500C97F99 /* WorkoutListView */ = {
			isa = PBXGroup;
			children = (
				354EE6422C5DA34800C97F99 /* WorkoutListView.swift */,
				358EE3C72ACFED3B00F04CFC /* Components */,
			);
			path = WorkoutListView;
			sourceTree = "<group>";
		};
		3571C0CC2C6172ED00BA0BB6 /* WorkoutActiveView */ = {
			isa = PBXGroup;
			children = (
				35E3FA492AD71BDC0039A0E6 /* WorkoutActiveView.swift */,
				3571C0CD2C61732D00BA0BB6 /* Components */,
			);
			path = WorkoutActiveView;
			sourceTree = "<group>";
		};
		3571C0CD2C61732D00BA0BB6 /* Components */ = {
			isa = PBXGroup;
			children = (
				3582F8382B31F8A000AC6C53 /* WorkoutCompletedView.swift */,
				3571C0D02C61739000BA0BB6 /* ActivityDisplayView.swift */,
				3571C0D22C6173AC00BA0BB6 /* ProgressCircleView.swift */,
				3571C0D42C6173C200BA0BB6 /* ProgressBarView.swift */,
				3571C0D62C6173D400BA0BB6 /* ControlButtonsView.swift */,
			);
			path = Components;
			sourceTree = "<group>";
		};
		358113C22B325118003325C0 /* SoundManager */ = {
			isa = PBXGroup;
			children = (
				358113C32B32512C003325C0 /* SoundManager.swift */,
				358113C62B325192003325C0 /* countdown.mp3 */,
				358113C72B325192003325C0 /* dadam.mp3 */,
				358113C52B325192003325C0 /* jubilant.mp3 */,
			);
			path = SoundManager;
			sourceTree = "<group>";
		};
		358EE3C72ACFED3B00F04CFC /* Components */ = {
			isa = PBXGroup;
			children = (
				352A62F32ACDD91900CAC187 /* WorkoutCardView.swift */,
				35CA54252C6EA20B0032A68F /* EditWorkoutsView.swift */,
			);
			path = Components;
			sourceTree = "<group>";
		};
		35CE05792C5E94B2006188AB /* Enums */ = {
			isa = PBXGroup;
			children = (
				35CE057A2C5E94DB006188AB /* WorkoutSettings.swift */,
				35CE05862C5EB5AC006188AB /* ExerciseSettings.swift */,
				35A838A02C8134A900D4A426 /* Language.swift */,
			);
			path = Enums;
			sourceTree = "<group>";
		};
		35CE05822C5E96E4006188AB /* WorkoutSettingsSection */ = {
			isa = PBXGroup;
			children = (
				351DFCA72ACFF5ED0093E2DE /* WorkoutSettingsSection.swift */,
				35CE057E2C5E957D006188AB /* WorkoutSettingsSectionCard.swift */,
				35CE05802C5E95D3006188AB /* WorkoutSettingsSectionValueSheet.swift */,
			);
			path = WorkoutSettingsSection;
			sourceTree = "<group>";
		};
		35CE05842C5EABA0006188AB /* WorkoutExercisesSection */ = {
			isa = PBXGroup;
			children = (
				35E3FA422AD691440039A0E6 /* WorkoutDetailViewExercisesSection.swift */,
				3571C0DC2C641FCF00BA0BB6 /* WorkoutExercisesEditView.swift */,
			);
			path = WorkoutExercisesSection;
			sourceTree = "<group>";
		};
		35CE05852C5EAC14006188AB /* WorkoutButtonsSection */ = {
			isa = PBXGroup;
			children = (
				35E3FA402AD691140039A0E6 /* WorkoutDetailViewButtonSection.swift */,
			);
			path = WorkoutButtonsSection;
			sourceTree = "<group>";
		};
		35DBCC052C8066E700194A6C /* Resources */ = {
			isa = PBXGroup;
			children = (
				35DBCC062C80670800194A6C /* Localizable.xcstrings */,
			);
			path = Resources;
			sourceTree = "<group>";
		};
		35DE36F72C6637DA00482050 /* WorkoutHistoryView */ = {
			isa = PBXGroup;
			children = (
				358113CB2B331D00003325C0 /* WorkoutHistoryView.swift */,
				35DE36F82C6637E800482050 /* Components */,
			);
			path = WorkoutHistoryView;
			sourceTree = "<group>";
		};
		35DE36F82C6637E800482050 /* Components */ = {
			isa = PBXGroup;
			children = (
				35DE36F92C66381C00482050 /* EmptyWorkoutHistoryView.swift */,
				35DE36FB2C66384300482050 /* MultiSelectFilterView.swift */,
			);
			path = Components;
			sourceTree = "<group>";
		};
		35E3FA3F2AD690C20039A0E6 /* Components */ = {
			isa = PBXGroup;
			children = (
				35CE05852C5EAC14006188AB /* WorkoutButtonsSection */,
				35CE05842C5EABA0006188AB /* WorkoutExercisesSection */,
				35CE05822C5E96E4006188AB /* WorkoutSettingsSection */,
			);
			path = Components;
			sourceTree = "<group>";
		};
		35E3FA442AD691E30039A0E6 /* ExerciseDetailView */ = {
			isa = PBXGroup;
			children = (
				35E3FA452AD692190039A0E6 /* ExerciseDetailView.swift */,
			);
			path = ExerciseDetailView;
			sourceTree = "<group>";
		};
/* End PBXGroup section */

/* Begin PBXNativeTarget section */
		352A62D32ACDC85000CAC187 /* WorkoutPulse */ = {
			isa = PBXNativeTarget;
			buildConfigurationList = 352A62E32ACDC85200CAC187 /* Build configuration list for PBXNativeTarget "WorkoutPulse" */;
			buildPhases = (
				352A62D02ACDC85000CAC187 /* Sources */,
				352A62D12ACDC85000CAC187 /* Frameworks */,
				352A62D22ACDC85000CAC187 /* Resources */,
				353007962C83C61B00B13AAE /* Embed Foundation Extensions */,
			);
			buildRules = (
			);
			dependencies = (
			);
			name = WorkoutPulse;
			packageProductDependencies = (
				3571C0DA2C61835500BA0BB6 /* ConfettiSwiftUI */,
			);
			productName = WorkoutApp;
			productReference = 352A62D42ACDC85000CAC187 /* WorkoutPulse.app */;
			productType = "com.apple.product-type.application";
		};
/* End PBXNativeTarget section */

/* Begin PBXProject section */
		352A62CC2ACDC85000CAC187 /* Project object */ = {
			isa = PBXProject;
			attributes = {
				BuildIndependentTargetsInParallel = 1;
				LastSwiftUpdateCheck = 1540;
				LastUpgradeCheck = 1540;
				TargetAttributes = {
					352A62D32ACDC85000CAC187 = {
						CreatedOnToolsVersion = 14.3.1;
					};
				};
			};
			buildConfigurationList = 352A62CF2ACDC85000CAC187 /* Build configuration list for PBXProject "WorkoutPulse" */;
			compatibilityVersion = "Xcode 14.0";
			developmentRegion = en;
			hasScannedForEncodings = 0;
			knownRegions = (
				en,
				Base,
				de,
				it,
				"pt-BR",
				"pt-PT",
				es,
				fr,
				"en-GB",
			);
			mainGroup = 352A62CB2ACDC85000CAC187;
			packageReferences = (
				3582F83A2B31FA0B00AC6C53 /* XCRemoteSwiftPackageReference "ConfettiSwiftUI" */,
			);
			productRefGroup = 352A62D52ACDC85000CAC187 /* Products */;
			projectDirPath = "";
			projectRoot = "";
			targets = (
				352A62D32ACDC85000CAC187 /* WorkoutPulse */,
			);
		};
/* End PBXProject section */

/* Begin PBXResourcesBuildPhase section */
		352A62D22ACDC85000CAC187 /* Resources */ = {
			isa = PBXResourcesBuildPhase;
			buildActionMask = 2147483647;
			files = (
				35484E3C2C6A12D9004B2E7B /* Launch Screen.storyboard in Resources */,
				358113C92B325192003325C0 /* countdown.mp3 in Resources */,
				358113C82B325192003325C0 /* jubilant.mp3 in Resources */,
				352A62E02ACDC85200CAC187 /* Preview Assets.xcassets in Resources */,
				352A62DC2ACDC85200CAC187 /* Assets.xcassets in Resources */,
				35DBCC072C80670800194A6C /* Localizable.xcstrings in Resources */,
				358113CA2B325192003325C0 /* dadam.mp3 in Resources */,
			);
			runOnlyForDeploymentPostprocessing = 0;
		};
/* End PBXResourcesBuildPhase section */

/* Begin PBXSourcesBuildPhase section */
		352A62D02ACDC85000CAC187 /* Sources */ = {
			isa = PBXSourcesBuildPhase;
			buildActionMask = 2147483647;
			files = (
				351DFCA82ACFF5EE0093E2DE /* WorkoutSettingsSection.swift in Sources */,
				354EE6452C5DA91000C97F99 /* WorkoutDetailView.swift in Sources */,
				35CE05812C5E95D3006188AB /* WorkoutSettingsSectionValueSheet.swift in Sources */,
				35CE057B2C5E94DB006188AB /* WorkoutSettings.swift in Sources */,
				354EE6372C5C430000C97F99 /* DataManager.swift in Sources */,
				353C1DC12C70F95700DB6458 /* Achievement.swift in Sources */,
				3571C0CF2C61736600BA0BB6 /* WorkoutActiveViewModel.swift in Sources */,
				354EE6432C5DA34800C97F99 /* WorkoutListView.swift in Sources */,
				35CE05872C5EB5AC006188AB /* ExerciseSettings.swift in Sources */,
				358113CE2B33448D003325C0 /* WorkoutPreviewView.swift in Sources */,
				3571C0D32C6173AC00BA0BB6 /* ProgressCircleView.swift in Sources */,
				3571C0D72C6173D400BA0BB6 /* ControlButtonsView.swift in Sources */,
				354EE6292C5C274800C97F99 /* Exercise.swift in Sources */,
				35CA54262C6EA20B0032A68F /* EditWorkoutsView.swift in Sources */,
				35E3FA432AD691440039A0E6 /* WorkoutDetailViewExercisesSection.swift in Sources */,
				35DE36F62C66379800482050 /* Date.swift in Sources */,
				3571C0D12C61739100BA0BB6 /* ActivityDisplayView.swift in Sources */,
				354EE63D2C5D93AD00C97F99 /* HistoryDataService.swift in Sources */,
				354EE63B2C5D938500C97F99 /* WorkoutDataService.swift in Sources */,
				35CE057F2C5E957D006188AB /* WorkoutSettingsSectionCard.swift in Sources */,
				3582F8392B31F8A000AC6C53 /* WorkoutCompletedView.swift in Sources */,
				35A838A12C8134A900D4A426 /* Language.swift in Sources */,
				359DD4062C83DEA300FAEFA9 /* UserDefaults.swift in Sources */,
				35E4D4132C601FB5001B00B1 /* ExerciseDetailViewModel.swift in Sources */,
				354EE63F2C5D94EF00C97F99 /* WorkoutTimelineService.swift in Sources */,
				353C1DC72C735E7A00DB6458 /* Color.swift in Sources */,
				35F164DF2C6AC44800D81865 /* StreaksView.swift in Sources */,
				3586C39C2C69360C000C18AC /* SettingsView.swift in Sources */,
				354EE6412C5DA28F00C97F99 /* FileManager.swift in Sources */,
				354EE62B2C5C27C200C97F99 /* Activity.swift in Sources */,
				358113B42B323012003325C0 /* Screen.swift in Sources */,
				354EE6472C5DA96000C97F99 /* WorkoutDetailViewModel.swift in Sources */,
				3571C0DD2C641FCF00BA0BB6 /* WorkoutExercisesEditView.swift in Sources */,
				354EE6312C5C285100C97F99 /* Workout.swift in Sources */,
				354EE62F2C5C283400C97F99 /* Cycle.swift in Sources */,
				3571C0D92C6173E800BA0BB6 /* TimeFormatting.swift in Sources */,
				352A62F42ACDD91900CAC187 /* WorkoutCardView.swift in Sources */,
				3571C0D52C6173C200BA0BB6 /* ProgressBarView.swift in Sources */,
				35DE36FC2C66384300482050 /* MultiSelectFilterView.swift in Sources */,
				353C1DC52C72ACF700DB6458 /* AchievementsService.swift in Sources */,
				352A62ED2ACDD47300CAC187 /* Double.swift in Sources */,
				354EE62D2C5C281300C97F99 /* CompletedWorkout.swift in Sources */,
				35E3FA4A2AD71BDC0039A0E6 /* WorkoutActiveView.swift in Sources */,
				353C1DCA2C73E3E700DB6458 /* completedWorkoutsData.swift in Sources */,
				354EE6392C5C477600C97F99 /* WorkoutListViewModel.swift in Sources */,
				354EE6352C5C416900C97F99 /* AppState.swift in Sources */,
				358113CC2B331D00003325C0 /* WorkoutHistoryView.swift in Sources */,
				35E3FA462AD692190039A0E6 /* ExerciseDetailView.swift in Sources */,
				35E3FA412AD691140039A0E6 /* WorkoutDetailViewButtonSection.swift in Sources */,
				35DBCC092C8070D600194A6C /* LocalizedStringResource.swift in Sources */,
				35DE36FA2C66381C00482050 /* EmptyWorkoutHistoryView.swift in Sources */,
				352A62D82ACDC85000CAC187 /* WorkoutAppApp.swift in Sources */,
				358113C42B32512C003325C0 /* SoundManager.swift in Sources */,
			);
			runOnlyForDeploymentPostprocessing = 0;
		};
/* End PBXSourcesBuildPhase section */

/* Begin XCBuildConfiguration section */
		352A62E12ACDC85200CAC187 /* Debug */ = {
			isa = XCBuildConfiguration;
			buildSettings = {
				ALWAYS_SEARCH_USER_PATHS = NO;
				CLANG_ANALYZER_NONNULL = YES;
				CLANG_ANALYZER_NUMBER_OBJECT_CONVERSION = YES_AGGRESSIVE;
				CLANG_CXX_LANGUAGE_STANDARD = "gnu++20";
				CLANG_ENABLE_MODULES = YES;
				CLANG_ENABLE_OBJC_ARC = YES;
				CLANG_ENABLE_OBJC_WEAK = YES;
				CLANG_WARN_BLOCK_CAPTURE_AUTORELEASING = YES;
				CLANG_WARN_BOOL_CONVERSION = YES;
				CLANG_WARN_COMMA = YES;
				CLANG_WARN_CONSTANT_CONVERSION = YES;
				CLANG_WARN_DEPRECATED_OBJC_IMPLEMENTATIONS = YES;
				CLANG_WARN_DIRECT_OBJC_ISA_USAGE = YES_ERROR;
				CLANG_WARN_DOCUMENTATION_COMMENTS = YES;
				CLANG_WARN_EMPTY_BODY = YES;
				CLANG_WARN_ENUM_CONVERSION = YES;
				CLANG_WARN_INFINITE_RECURSION = YES;
				CLANG_WARN_INT_CONVERSION = YES;
				CLANG_WARN_NON_LITERAL_NULL_CONVERSION = YES;
				CLANG_WARN_OBJC_IMPLICIT_RETAIN_SELF = YES;
				CLANG_WARN_OBJC_LITERAL_CONVERSION = YES;
				CLANG_WARN_OBJC_ROOT_CLASS = YES_ERROR;
				CLANG_WARN_QUOTED_INCLUDE_IN_FRAMEWORK_HEADER = YES;
				CLANG_WARN_RANGE_LOOP_ANALYSIS = YES;
				CLANG_WARN_STRICT_PROTOTYPES = YES;
				CLANG_WARN_SUSPICIOUS_MOVE = YES;
				CLANG_WARN_UNGUARDED_AVAILABILITY = YES_AGGRESSIVE;
				CLANG_WARN_UNREACHABLE_CODE = YES;
				CLANG_WARN__DUPLICATE_METHOD_MATCH = YES;
				COPY_PHASE_STRIP = NO;
				DEAD_CODE_STRIPPING = YES;
				DEBUG_INFORMATION_FORMAT = dwarf;
				ENABLE_STRICT_OBJC_MSGSEND = YES;
				ENABLE_TESTABILITY = YES;
				ENABLE_USER_SCRIPT_SANDBOXING = YES;
				GCC_C_LANGUAGE_STANDARD = gnu11;
				GCC_DYNAMIC_NO_PIC = NO;
				GCC_NO_COMMON_BLOCKS = YES;
				GCC_OPTIMIZATION_LEVEL = 0;
				GCC_PREPROCESSOR_DEFINITIONS = (
					"DEBUG=1",
					"$(inherited)",
				);
				GCC_WARN_64_TO_32_BIT_CONVERSION = YES;
				GCC_WARN_ABOUT_RETURN_TYPE = YES_ERROR;
				GCC_WARN_UNDECLARED_SELECTOR = YES;
				GCC_WARN_UNINITIALIZED_AUTOS = YES_AGGRESSIVE;
				GCC_WARN_UNUSED_FUNCTION = YES;
				GCC_WARN_UNUSED_VARIABLE = YES;
				MTL_ENABLE_DEBUG_INFO = INCLUDE_SOURCE;
				MTL_FAST_MATH = YES;
				ONLY_ACTIVE_ARCH = YES;
				SWIFT_ACTIVE_COMPILATION_CONDITIONS = DEBUG;
				SWIFT_OPTIMIZATION_LEVEL = "-Onone";
			};
			name = Debug;
		};
		352A62E22ACDC85200CAC187 /* Release */ = {
			isa = XCBuildConfiguration;
			buildSettings = {
				ALWAYS_SEARCH_USER_PATHS = NO;
				CLANG_ANALYZER_NONNULL = YES;
				CLANG_ANALYZER_NUMBER_OBJECT_CONVERSION = YES_AGGRESSIVE;
				CLANG_CXX_LANGUAGE_STANDARD = "gnu++20";
				CLANG_ENABLE_MODULES = YES;
				CLANG_ENABLE_OBJC_ARC = YES;
				CLANG_ENABLE_OBJC_WEAK = YES;
				CLANG_WARN_BLOCK_CAPTURE_AUTORELEASING = YES;
				CLANG_WARN_BOOL_CONVERSION = YES;
				CLANG_WARN_COMMA = YES;
				CLANG_WARN_CONSTANT_CONVERSION = YES;
				CLANG_WARN_DEPRECATED_OBJC_IMPLEMENTATIONS = YES;
				CLANG_WARN_DIRECT_OBJC_ISA_USAGE = YES_ERROR;
				CLANG_WARN_DOCUMENTATION_COMMENTS = YES;
				CLANG_WARN_EMPTY_BODY = YES;
				CLANG_WARN_ENUM_CONVERSION = YES;
				CLANG_WARN_INFINITE_RECURSION = YES;
				CLANG_WARN_INT_CONVERSION = YES;
				CLANG_WARN_NON_LITERAL_NULL_CONVERSION = YES;
				CLANG_WARN_OBJC_IMPLICIT_RETAIN_SELF = YES;
				CLANG_WARN_OBJC_LITERAL_CONVERSION = YES;
				CLANG_WARN_OBJC_ROOT_CLASS = YES_ERROR;
				CLANG_WARN_QUOTED_INCLUDE_IN_FRAMEWORK_HEADER = YES;
				CLANG_WARN_RANGE_LOOP_ANALYSIS = YES;
				CLANG_WARN_STRICT_PROTOTYPES = YES;
				CLANG_WARN_SUSPICIOUS_MOVE = YES;
				CLANG_WARN_UNGUARDED_AVAILABILITY = YES_AGGRESSIVE;
				CLANG_WARN_UNREACHABLE_CODE = YES;
				CLANG_WARN__DUPLICATE_METHOD_MATCH = YES;
				COPY_PHASE_STRIP = NO;
				DEAD_CODE_STRIPPING = YES;
				DEBUG_INFORMATION_FORMAT = "dwarf-with-dsym";
				ENABLE_NS_ASSERTIONS = NO;
				ENABLE_STRICT_OBJC_MSGSEND = YES;
				ENABLE_USER_SCRIPT_SANDBOXING = YES;
				GCC_C_LANGUAGE_STANDARD = gnu11;
				GCC_NO_COMMON_BLOCKS = YES;
				GCC_WARN_64_TO_32_BIT_CONVERSION = YES;
				GCC_WARN_ABOUT_RETURN_TYPE = YES_ERROR;
				GCC_WARN_UNDECLARED_SELECTOR = YES;
				GCC_WARN_UNINITIALIZED_AUTOS = YES_AGGRESSIVE;
				GCC_WARN_UNUSED_FUNCTION = YES;
				GCC_WARN_UNUSED_VARIABLE = YES;
				MTL_ENABLE_DEBUG_INFO = NO;
				MTL_FAST_MATH = YES;
				SWIFT_COMPILATION_MODE = wholemodule;
				SWIFT_OPTIMIZATION_LEVEL = "-O";
			};
			name = Release;
		};
		352A62E42ACDC85200CAC187 /* Debug */ = {
			isa = XCBuildConfiguration;
			buildSettings = {
				ASSETCATALOG_COMPILER_APPICON_NAME = AppIcon;
				ASSETCATALOG_COMPILER_GLOBAL_ACCENT_COLOR_NAME = AccentColor;
				CODE_SIGN_ENTITLEMENTS = WorkoutApp/WorkoutApp.entitlements;
				CODE_SIGN_STYLE = Automatic;
				CURRENT_PROJECT_VERSION = 1;
				DEAD_CODE_STRIPPING = YES;
				DEVELOPMENT_ASSET_PATHS = "\"WorkoutApp/Preview Content\"";
				DEVELOPMENT_TEAM = 8KT99V2DNB;
				ENABLE_HARDENED_RUNTIME = YES;
				ENABLE_PREVIEWS = YES;
				GENERATE_INFOPLIST_FILE = YES;
				INFOPLIST_FILE = "WorkoutPulse-Info.plist";
				INFOPLIST_KEY_CFBundleDisplayName = WorkoutPulse;
				INFOPLIST_KEY_LSApplicationCategoryType = "public.app-category.healthcare-fitness";
				"INFOPLIST_KEY_UIApplicationSceneManifest_Generation[sdk=iphoneos*]" = YES;
				"INFOPLIST_KEY_UIApplicationSceneManifest_Generation[sdk=iphonesimulator*]" = YES;
				"INFOPLIST_KEY_UIApplicationSupportsIndirectInputEvents[sdk=iphoneos*]" = YES;
				"INFOPLIST_KEY_UIApplicationSupportsIndirectInputEvents[sdk=iphonesimulator*]" = YES;
				"INFOPLIST_KEY_UILaunchScreen_Generation[sdk=iphoneos*]" = YES;
				"INFOPLIST_KEY_UILaunchScreen_Generation[sdk=iphonesimulator*]" = YES;
				INFOPLIST_KEY_UILaunchStoryboardName = "Launch Screen.storyboard";
				"INFOPLIST_KEY_UIStatusBarStyle[sdk=iphoneos*]" = UIStatusBarStyleDefault;
				"INFOPLIST_KEY_UIStatusBarStyle[sdk=iphonesimulator*]" = UIStatusBarStyleDefault;
				INFOPLIST_KEY_UISupportedInterfaceOrientations = UIInterfaceOrientationPortrait;
				INFOPLIST_KEY_UISupportedInterfaceOrientations_iPad = "UIInterfaceOrientationLandscapeLeft UIInterfaceOrientationLandscapeRight UIInterfaceOrientationPortrait UIInterfaceOrientationPortraitUpsideDown";
				INFOPLIST_KEY_UIUserInterfaceStyle = Light;
				IPHONEOS_DEPLOYMENT_TARGET = 16.0;
				LD_RUNPATH_SEARCH_PATHS = "@executable_path/Frameworks";
				"LD_RUNPATH_SEARCH_PATHS[sdk=macosx*]" = "@executable_path/../Frameworks";
				MACOSX_DEPLOYMENT_TARGET = 13.3;
				MARKETING_VERSION = 2.2;
				PRODUCT_BUNDLE_IDENTIFIER = com.lmg.JustTabata;
				PRODUCT_NAME = "$(TARGET_NAME)";
				SDKROOT = auto;
				SUPPORTED_PLATFORMS = "iphoneos iphonesimulator";
				SUPPORTS_MACCATALYST = NO;
				SUPPORTS_MAC_DESIGNED_FOR_IPHONE_IPAD = NO;
				SWIFT_EMIT_LOC_STRINGS = YES;
				SWIFT_VERSION = 5.0;
				TARGETED_DEVICE_FAMILY = 1;
			};
			name = Debug;
		};
		352A62E52ACDC85200CAC187 /* Release */ = {
			isa = XCBuildConfiguration;
			buildSettings = {
				ASSETCATALOG_COMPILER_APPICON_NAME = AppIcon;
				ASSETCATALOG_COMPILER_GLOBAL_ACCENT_COLOR_NAME = AccentColor;
				CODE_SIGN_ENTITLEMENTS = WorkoutApp/WorkoutApp.entitlements;
				CODE_SIGN_STYLE = Automatic;
				CURRENT_PROJECT_VERSION = 1;
				DEAD_CODE_STRIPPING = YES;
				DEVELOPMENT_ASSET_PATHS = "\"WorkoutApp/Preview Content\"";
				DEVELOPMENT_TEAM = 8KT99V2DNB;
				ENABLE_HARDENED_RUNTIME = YES;
				ENABLE_PREVIEWS = YES;
				GENERATE_INFOPLIST_FILE = YES;
				INFOPLIST_FILE = "WorkoutPulse-Info.plist";
				INFOPLIST_KEY_CFBundleDisplayName = WorkoutPulse;
				INFOPLIST_KEY_LSApplicationCategoryType = "public.app-category.healthcare-fitness";
				"INFOPLIST_KEY_UIApplicationSceneManifest_Generation[sdk=iphoneos*]" = YES;
				"INFOPLIST_KEY_UIApplicationSceneManifest_Generation[sdk=iphonesimulator*]" = YES;
				"INFOPLIST_KEY_UIApplicationSupportsIndirectInputEvents[sdk=iphoneos*]" = YES;
				"INFOPLIST_KEY_UIApplicationSupportsIndirectInputEvents[sdk=iphonesimulator*]" = YES;
				"INFOPLIST_KEY_UILaunchScreen_Generation[sdk=iphoneos*]" = YES;
				"INFOPLIST_KEY_UILaunchScreen_Generation[sdk=iphonesimulator*]" = YES;
				INFOPLIST_KEY_UILaunchStoryboardName = "Launch Screen.storyboard";
				"INFOPLIST_KEY_UIStatusBarStyle[sdk=iphoneos*]" = UIStatusBarStyleDefault;
				"INFOPLIST_KEY_UIStatusBarStyle[sdk=iphonesimulator*]" = UIStatusBarStyleDefault;
				INFOPLIST_KEY_UISupportedInterfaceOrientations = UIInterfaceOrientationPortrait;
				INFOPLIST_KEY_UISupportedInterfaceOrientations_iPad = "UIInterfaceOrientationLandscapeLeft UIInterfaceOrientationLandscapeRight UIInterfaceOrientationPortrait UIInterfaceOrientationPortraitUpsideDown";
				INFOPLIST_KEY_UIUserInterfaceStyle = Light;
				IPHONEOS_DEPLOYMENT_TARGET = 16.0;
				LD_RUNPATH_SEARCH_PATHS = "@executable_path/Frameworks";
				"LD_RUNPATH_SEARCH_PATHS[sdk=macosx*]" = "@executable_path/../Frameworks";
				MACOSX_DEPLOYMENT_TARGET = 13.3;
				MARKETING_VERSION = 2.2;
				PRODUCT_BUNDLE_IDENTIFIER = com.lmg.JustTabata;
				PRODUCT_NAME = "$(TARGET_NAME)";
				SDKROOT = auto;
				SUPPORTED_PLATFORMS = "iphoneos iphonesimulator";
				SUPPORTS_MACCATALYST = NO;
				SUPPORTS_MAC_DESIGNED_FOR_IPHONE_IPAD = NO;
				SWIFT_EMIT_LOC_STRINGS = YES;
				SWIFT_VERSION = 5.0;
				TARGETED_DEVICE_FAMILY = 1;
			};
			name = Release;
		};
/* End XCBuildConfiguration section */

/* Begin XCConfigurationList section */
		352A62CF2ACDC85000CAC187 /* Build configuration list for PBXProject "WorkoutPulse" */ = {
			isa = XCConfigurationList;
			buildConfigurations = (
				352A62E12ACDC85200CAC187 /* Debug */,
				352A62E22ACDC85200CAC187 /* Release */,
			);
			defaultConfigurationIsVisible = 0;
			defaultConfigurationName = Release;
		};
		352A62E32ACDC85200CAC187 /* Build configuration list for PBXNativeTarget "WorkoutPulse" */ = {
			isa = XCConfigurationList;
			buildConfigurations = (
				352A62E42ACDC85200CAC187 /* Debug */,
				352A62E52ACDC85200CAC187 /* Release */,
			);
			defaultConfigurationIsVisible = 0;
			defaultConfigurationName = Release;
		};
/* End XCConfigurationList section */

/* Begin XCRemoteSwiftPackageReference section */
		3582F83A2B31FA0B00AC6C53 /* XCRemoteSwiftPackageReference "ConfettiSwiftUI" */ = {
			isa = XCRemoteSwiftPackageReference;
			repositoryURL = "https://github.com/simibac/ConfettiSwiftUI.git";
			requirement = {
				kind = upToNextMajorVersion;
				minimumVersion = 1.0.0;
			};
		};
/* End XCRemoteSwiftPackageReference section */

/* Begin XCSwiftPackageProductDependency section */
		3571C0DA2C61835500BA0BB6 /* ConfettiSwiftUI */ = {
			isa = XCSwiftPackageProductDependency;
			package = 3582F83A2B31FA0B00AC6C53 /* XCRemoteSwiftPackageReference "ConfettiSwiftUI" */;
			productName = ConfettiSwiftUI;
		};
/* End XCSwiftPackageProductDependency section */
	};
	rootObject = 352A62CC2ACDC85000CAC187 /* Project object */;
}
